
Microsoft Visual Studio Solution File, Format Version 12.00
# Visual Studio Version 16
VisualStudioVersion = 16.0.30406.217
MinimumVisualStudioVersion = 10.0.40219.1
Project("{FAE04EC0-301F-11D3-BF4B-00C04F79EFBC}") = "Coursework_ServerLibrary", "Coursework_ServerLibrary.csproj", "{1C7341DF-B8CC-4B44-8BB4-E40D45261CD7}"
EndProject
Global
	GlobalSection(SolutionConfigurationPlatforms) = preSolution
		Debug|Any CPU = Debug|Any CPU
		Release|Any CPU = Release|Any CPU
	EndGlobalSection
	GlobalSection(ProjectConfigurationPlatforms) = postSolution
		{1C7341DF-B8CC-4B44-8BB4-E40D45261CD7}.Debug|Any CPU.ActiveCfg = Debug|Any CPU
		{1C7341DF-B8CC-4B44-8BB4-E40D45261CD7}.Debug|Any CPU.Build.0 = Debug|Any CPU
		{1C7341DF-B8CC-4B44-8BB4-E40D45261CD7}.Release|Any CPU.ActiveCfg = Release|Any CPU
		{1C7341DF-B8CC-4B44-8BB4-E40D45261CD7}.Release|Any CPU.Build.0 = Release|Any CPU
	EndGlobalSection
	GlobalSection(SolutionProperties) = preSolution
		HideSolutionNode = FALSE
	EndGlobalSection
	GlobalSection(ExtensibilityGlobals) = postSolution
		SolutionGuid = {142934DC-4175-4596-BAB9-AE97F0162A14}
	EndGlobalSection
EndGlobal
