
Microsoft Visual Studio Solution File, Format Version 12.00
# Visual Studio Version 16
VisualStudioVersion = 16.0.30406.217
MinimumVisualStudioVersion = 10.0.40219.1
Project("{FAE04EC0-301F-11D3-BF4B-00C04F79EFBC}") = "Coursework_ServerInterface", "Coursework_ServerInterface.csproj", "{88E768B0-E69A-4CE7-A63D-22035B063391}"
EndProject
Global
	GlobalSection(SolutionConfigurationPlatforms) = preSolution
		Debug|Any CPU = Debug|Any CPU
		Release|Any CPU = Release|Any CPU
	EndGlobalSection
	GlobalSection(ProjectConfigurationPlatforms) = postSolution
		{88E768B0-E69A-4CE7-A63D-22035B063391}.Debug|Any CPU.ActiveCfg = Debug|Any CPU
		{88E768B0-E69A-4CE7-A63D-22035B063391}.Debug|Any CPU.Build.0 = Debug|Any CPU
		{88E768B0-E69A-4CE7-A63D-22035B063391}.Release|Any CPU.ActiveCfg = Release|Any CPU
		{88E768B0-E69A-4CE7-A63D-22035B063391}.Release|Any CPU.Build.0 = Release|Any CPU
	EndGlobalSection
	GlobalSection(SolutionProperties) = preSolution
		HideSolutionNode = FALSE
	EndGlobalSection
	GlobalSection(ExtensibilityGlobals) = postSolution
		SolutionGuid = {8AB983BE-2E93-414B-9943-C5247978356D}
	EndGlobalSection
EndGlobal
