
Microsoft Visual Studio Solution File, Format Version 12.00
# Visual Studio Version 16
VisualStudioVersion = 16.0.30406.217
MinimumVisualStudioVersion = 10.0.40219.1
Project("{9A19103F-16F7-4668-BE54-9A1E7A4F7556}") = "Сoursework_Server", "Сoursework_Server.csproj", "{06688508-6048-4104-B8F7-7A95E069F594}"
EndProject
Project("{9A19103F-16F7-4668-BE54-9A1E7A4F7556}") = "Coursework_Client", "..\Coursework_Client\Coursework_Client.csproj", "{B2C75D9D-6FA5-4C05-95EB-4C656512009D}"
EndProject
Global
	GlobalSection(SolutionConfigurationPlatforms) = preSolution
		Debug|Any CPU = Debug|Any CPU
		Release|Any CPU = Release|Any CPU
	EndGlobalSection
	GlobalSection(ProjectConfigurationPlatforms) = postSolution
		{06688508-6048-4104-B8F7-7A95E069F594}.Debug|Any CPU.ActiveCfg = Debug|Any CPU
		{06688508-6048-4104-B8F7-7A95E069F594}.Debug|Any CPU.Build.0 = Debug|Any CPU
		{06688508-6048-4104-B8F7-7A95E069F594}.Release|Any CPU.ActiveCfg = Release|Any CPU
		{06688508-6048-4104-B8F7-7A95E069F594}.Release|Any CPU.Build.0 = Release|Any CPU
		{B2C75D9D-6FA5-4C05-95EB-4C656512009D}.Debug|Any CPU.ActiveCfg = Debug|Any CPU
		{B2C75D9D-6FA5-4C05-95EB-4C656512009D}.Debug|Any CPU.Build.0 = Debug|Any CPU
		{B2C75D9D-6FA5-4C05-95EB-4C656512009D}.Release|Any CPU.ActiveCfg = Release|Any CPU
		{B2C75D9D-6FA5-4C05-95EB-4C656512009D}.Release|Any CPU.Build.0 = Release|Any CPU
	EndGlobalSection
	GlobalSection(SolutionProperties) = preSolution
		HideSolutionNode = FALSE
	EndGlobalSection
	GlobalSection(ExtensibilityGlobals) = postSolution
		SolutionGuid = {DDE59046-F711-4E87-BBC1-43274C991DC9}
	EndGlobalSection
EndGlobal
