
Microsoft Visual Studio Solution File, Format Version 12.00
# Visual Studio Version 16
VisualStudioVersion = 16.0.30406.217
MinimumVisualStudioVersion = 10.0.40219.1
Project("{FAE04EC0-301F-11D3-BF4B-00C04F79EFBC}") = "Assembly-CSharp", "..\Coursework\Assembly-CSharp.csproj", "{9E35EA32-85BB-DE78-06A9-4C1642467304}"
EndProject
Project("{9A19103F-16F7-4668-BE54-9A1E7A4F7556}") = "Coursework_SharedLibrary", "..\Coursework_SharedLibrary\Coursework_SharedLibrary.csproj", "{4C3D8AA9-0A44-4112-ABC5-20D6959B214A}"
EndProject
Project("{9A19103F-16F7-4668-BE54-9A1E7A4F7556}") = "Coursework_ServerLibrary", "..\Coursework_ServerLibrary\Coursework_ServerLibrary.csproj", "{2F326707-81D5-48BE-AA1C-DB69C7484839}"
EndProject
Project("{FAE04EC0-301F-11D3-BF4B-00C04F79EFBC}") = "Coursework_ServerInterface", "..\Coursework_ServerInterface\Coursework_ServerInterface.csproj", "{88E768B0-E69A-4CE7-A63D-22035B063391}"
	ProjectSection(ProjectDependencies) = postProject
		{2F326707-81D5-48BE-AA1C-DB69C7484839} = {2F326707-81D5-48BE-AA1C-DB69C7484839}
		{4C3D8AA9-0A44-4112-ABC5-20D6959B214A} = {4C3D8AA9-0A44-4112-ABC5-20D6959B214A}
	EndProjectSection
EndProject
Global
	GlobalSection(SolutionConfigurationPlatforms) = preSolution
		Debug|Any CPU = Debug|Any CPU
		Release|Any CPU = Release|Any CPU
	EndGlobalSection
	GlobalSection(ProjectConfigurationPlatforms) = postSolution
		{9E35EA32-85BB-DE78-06A9-4C1642467304}.Debug|Any CPU.ActiveCfg = Debug|Any CPU
		{9E35EA32-85BB-DE78-06A9-4C1642467304}.Debug|Any CPU.Build.0 = Debug|Any CPU
		{9E35EA32-85BB-DE78-06A9-4C1642467304}.Release|Any CPU.ActiveCfg = Release|Any CPU
		{9E35EA32-85BB-DE78-06A9-4C1642467304}.Release|Any CPU.Build.0 = Release|Any CPU
		{4C3D8AA9-0A44-4112-ABC5-20D6959B214A}.Debug|Any CPU.ActiveCfg = Debug|Any CPU
		{4C3D8AA9-0A44-4112-ABC5-20D6959B214A}.Debug|Any CPU.Build.0 = Debug|Any CPU
		{4C3D8AA9-0A44-4112-ABC5-20D6959B214A}.Release|Any CPU.ActiveCfg = Release|Any CPU
		{4C3D8AA9-0A44-4112-ABC5-20D6959B214A}.Release|Any CPU.Build.0 = Release|Any CPU
		{2F326707-81D5-48BE-AA1C-DB69C7484839}.Debug|Any CPU.ActiveCfg = Debug|Any CPU
		{2F326707-81D5-48BE-AA1C-DB69C7484839}.Debug|Any CPU.Build.0 = Debug|Any CPU
		{2F326707-81D5-48BE-AA1C-DB69C7484839}.Release|Any CPU.ActiveCfg = Release|Any CPU
		{2F326707-81D5-48BE-AA1C-DB69C7484839}.Release|Any CPU.Build.0 = Release|Any CPU
		{88E768B0-E69A-4CE7-A63D-22035B063391}.Debug|Any CPU.ActiveCfg = Debug|Any CPU
		{88E768B0-E69A-4CE7-A63D-22035B063391}.Debug|Any CPU.Build.0 = Debug|Any CPU
		{88E768B0-E69A-4CE7-A63D-22035B063391}.Release|Any CPU.ActiveCfg = Release|Any CPU
		{88E768B0-E69A-4CE7-A63D-22035B063391}.Release|Any CPU.Build.0 = Release|Any CPU
	EndGlobalSection
	GlobalSection(SolutionProperties) = preSolution
		HideSolutionNode = FALSE
	EndGlobalSection
	GlobalSection(ExtensibilityGlobals) = postSolution
		SolutionGuid = {DDE59046-F711-4E87-BBC1-43274C991DC9}
	EndGlobalSection
EndGlobal
