
Microsoft Visual Studio Solution File, Format Version 12.00
# Visual Studio Version 16
VisualStudioVersion = 16.0.30406.217
MinimumVisualStudioVersion = 10.0.40219.1
Project("{FAE04EC0-301F-11D3-BF4B-00C04F79EFBC}") = "ConsoleServer", "ConsoleServer.csproj", "{C1039FAA-336C-409F-89DA-5E30DF093CE7}"
EndProject
Global
	GlobalSection(SolutionConfigurationPlatforms) = preSolution
		Debug|Any CPU = Debug|Any CPU
		Release|Any CPU = Release|Any CPU
	EndGlobalSection
	GlobalSection(ProjectConfigurationPlatforms) = postSolution
		{C1039FAA-336C-409F-89DA-5E30DF093CE7}.Debug|Any CPU.ActiveCfg = Debug|Any CPU
		{C1039FAA-336C-409F-89DA-5E30DF093CE7}.Debug|Any CPU.Build.0 = Debug|Any CPU
		{C1039FAA-336C-409F-89DA-5E30DF093CE7}.Release|Any CPU.ActiveCfg = Release|Any CPU
		{C1039FAA-336C-409F-89DA-5E30DF093CE7}.Release|Any CPU.Build.0 = Release|Any CPU
	EndGlobalSection
	GlobalSection(SolutionProperties) = preSolution
		HideSolutionNode = FALSE
	EndGlobalSection
	GlobalSection(ExtensibilityGlobals) = postSolution
		SolutionGuid = {B716EE44-9247-41A7-A4D0-DD74F8424FF2}
	EndGlobalSection
EndGlobal
